{
  "name": "the-pen",
  "version": "1.0.0",
  "lockfileVersion": 1,
  "requires": true,
  "dependencies": {
    "esm-to-cjs": {
      "version": "1.2.0",
      "resolved": "https://registry.npmjs.org/esm-to-cjs/-/esm-to-cjs-1.2.0.tgz",
      "integrity": "sha512-pVKBUyde11DZ9fezHtcvX2Ha1hh48GaoVvTxsDkgukPFQ9fvJL/x1RIINU5qkpdW4evN338Wg97qItq8qedsKw=="
    }
  }
}
